
Microsoft Visual Studio Solution File, Format Version 12.00
# Visual Studio Version 17
VisualStudioVersion = 17.14.35821.62
MinimumVisualStudioVersion = 10.0.40219.1
Project("{FAE04EC0-301F-11D3-BF4B-00C04F79EFBC}") = "ToDoList.API", "ToDoList.API\ToDoList.API.csproj", "{FB257EFF-3AC7-446C-B68A-F204B09F9864}"
EndProject
Project("{FAE04EC0-301F-11D3-BF4B-00C04F79EFBC}") = "ToDoList.Application", "ToDoList.Application\ToDoList.Application.csproj", "{4E399BD6-9F0E-44B1-A381-F670AAACA76C}"
EndProject
Project("{FAE04EC0-301F-11D3-BF4B-00C04F79EFBC}") = "ToDoList.Domain", "ToDoList.Domain\ToDoList.Domain.csproj", "{D2DBAA54-6B61-479D-BE8A-3E93FFAFDC05}"
EndProject
Project("{FAE04EC0-301F-11D3-BF4B-00C04F79EFBC}") = "ToDoList.Infrastructure", "ToDoList.Infrastructure\ToDoList.Infrastructure.csproj", "{428797E6-AB14-4E90-87BF-B786714657B4}"
EndProject
Global
	GlobalSection(SolutionConfigurationPlatforms) = preSolution
		Debug|Any CPU = Debug|Any CPU
		Debug|x64 = Debug|x64
		Debug|x86 = Debug|x86
		Release|Any CPU = Release|Any CPU
		Release|x64 = Release|x64
		Release|x86 = Release|x86
	EndGlobalSection
	GlobalSection(ProjectConfigurationPlatforms) = postSolution
		{FB257EFF-3AC7-446C-B68A-F204B09F9864}.Debug|Any CPU.ActiveCfg = Debug|Any CPU
		{FB257EFF-3AC7-446C-B68A-F204B09F9864}.Debug|Any CPU.Build.0 = Debug|Any CPU
		{FB257EFF-3AC7-446C-B68A-F204B09F9864}.Debug|x64.ActiveCfg = Debug|Any CPU
		{FB257EFF-3AC7-446C-B68A-F204B09F9864}.Debug|x64.Build.0 = Debug|Any CPU
		{FB257EFF-3AC7-446C-B68A-F204B09F9864}.Debug|x86.ActiveCfg = Debug|Any CPU
		{FB257EFF-3AC7-446C-B68A-F204B09F9864}.Debug|x86.Build.0 = Debug|Any CPU
		{FB257EFF-3AC7-446C-B68A-F204B09F9864}.Release|Any CPU.ActiveCfg = Release|Any CPU
		{FB257EFF-3AC7-446C-B68A-F204B09F9864}.Release|Any CPU.Build.0 = Release|Any CPU
		{FB257EFF-3AC7-446C-B68A-F204B09F9864}.Release|x64.ActiveCfg = Release|Any CPU
		{FB257EFF-3AC7-446C-B68A-F204B09F9864}.Release|x64.Build.0 = Release|Any CPU
		{FB257EFF-3AC7-446C-B68A-F204B09F9864}.Release|x86.ActiveCfg = Release|Any CPU
		{FB257EFF-3AC7-446C-B68A-F204B09F9864}.Release|x86.Build.0 = Release|Any CPU
		{4E399BD6-9F0E-44B1-A381-F670AAACA76C}.Debug|Any CPU.ActiveCfg = Debug|Any CPU
		{4E399BD6-9F0E-44B1-A381-F670AAACA76C}.Debug|Any CPU.Build.0 = Debug|Any CPU
		{4E399BD6-9F0E-44B1-A381-F670AAACA76C}.Debug|x64.ActiveCfg = Debug|Any CPU
		{4E399BD6-9F0E-44B1-A381-F670AAACA76C}.Debug|x64.Build.0 = Debug|Any CPU
		{4E399BD6-9F0E-44B1-A381-F670AAACA76C}.Debug|x86.ActiveCfg = Debug|Any CPU
		{4E399BD6-9F0E-44B1-A381-F670AAACA76C}.Debug|x86.Build.0 = Debug|Any CPU
		{4E399BD6-9F0E-44B1-A381-F670AAACA76C}.Release|Any CPU.ActiveCfg = Release|Any CPU
		{4E399BD6-9F0E-44B1-A381-F670AAACA76C}.Release|Any CPU.Build.0 = Release|Any CPU
		{4E399BD6-9F0E-44B1-A381-F670AAACA76C}.Release|x64.ActiveCfg = Release|Any CPU
		{4E399BD6-9F0E-44B1-A381-F670AAACA76C}.Release|x64.Build.0 = Release|Any CPU
		{4E399BD6-9F0E-44B1-A381-F670AAACA76C}.Release|x86.ActiveCfg = Release|Any CPU
		{4E399BD6-9F0E-44B1-A381-F670AAACA76C}.Release|x86.Build.0 = Release|Any CPU
		{D2DBAA54-6B61-479D-BE8A-3E93FFAFDC05}.Debug|Any CPU.ActiveCfg = Debug|Any CPU
		{D2DBAA54-6B61-479D-BE8A-3E93FFAFDC05}.Debug|Any CPU.Build.0 = Debug|Any CPU
		{D2DBAA54-6B61-479D-BE8A-3E93FFAFDC05}.Debug|x64.ActiveCfg = Debug|Any CPU
		{D2DBAA54-6B61-479D-BE8A-3E93FFAFDC05}.Debug|x64.Build.0 = Debug|Any CPU
		{D2DBAA54-6B61-479D-BE8A-3E93FFAFDC05}.Debug|x86.ActiveCfg = Debug|Any CPU
		{D2DBAA54-6B61-479D-BE8A-3E93FFAFDC05}.Debug|x86.Build.0 = Debug|Any CPU
		{D2DBAA54-6B61-479D-BE8A-3E93FFAFDC05}.Release|Any CPU.ActiveCfg = Release|Any CPU
		{D2DBAA54-6B61-479D-BE8A-3E93FFAFDC05}.Release|Any CPU.Build.0 = Release|Any CPU
		{D2DBAA54-6B61-479D-BE8A-3E93FFAFDC05}.Release|x64.ActiveCfg = Release|Any CPU
		{D2DBAA54-6B61-479D-BE8A-3E93FFAFDC05}.Release|x64.Build.0 = Release|Any CPU
		{D2DBAA54-6B61-479D-BE8A-3E93FFAFDC05}.Release|x86.ActiveCfg = Release|Any CPU
		{D2DBAA54-6B61-479D-BE8A-3E93FFAFDC05}.Release|x86.Build.0 = Release|Any CPU
		{428797E6-AB14-4E90-87BF-B786714657B4}.Debug|Any CPU.ActiveCfg = Debug|Any CPU
		{428797E6-AB14-4E90-87BF-B786714657B4}.Debug|Any CPU.Build.0 = Debug|Any CPU
		{428797E6-AB14-4E90-87BF-B786714657B4}.Debug|x64.ActiveCfg = Debug|Any CPU
		{428797E6-AB14-4E90-87BF-B786714657B4}.Debug|x64.Build.0 = Debug|Any CPU
		{428797E6-AB14-4E90-87BF-B786714657B4}.Debug|x86.ActiveCfg = Debug|Any CPU
		{428797E6-AB14-4E90-87BF-B786714657B4}.Debug|x86.Build.0 = Debug|Any CPU
		{428797E6-AB14-4E90-87BF-B786714657B4}.Release|Any CPU.ActiveCfg = Release|Any CPU
		{428797E6-AB14-4E90-87BF-B786714657B4}.Release|Any CPU.Build.0 = Release|Any CPU
		{428797E6-AB14-4E90-87BF-B786714657B4}.Release|x64.ActiveCfg = Release|Any CPU
		{428797E6-AB14-4E90-87BF-B786714657B4}.Release|x64.Build.0 = Release|Any CPU
		{428797E6-AB14-4E90-87BF-B786714657B4}.Release|x86.ActiveCfg = Release|Any CPU
		{428797E6-AB14-4E90-87BF-B786714657B4}.Release|x86.Build.0 = Release|Any CPU
	EndGlobalSection
	GlobalSection(SolutionProperties) = preSolution
		HideSolutionNode = FALSE
	EndGlobalSection
	GlobalSection(ExtensibilityGlobals) = postSolution
		SolutionGuid = {5E4068A3-79F4-4C60-BFA6-C9F5A5155DBE}
	EndGlobalSection
EndGlobal
